
Microsoft Visual Studio Solution File, Format Version 12.00
# Visual Studio Version 16
VisualStudioVersion = 16.0.31005.135
MinimumVisualStudioVersion = 10.0.40219.1
Project("{9A19103F-16F7-4668-BE54-9A1E7A4F7556}") = "powerplant-coding-challenge-api", "powerplant-coding-challenge-api\powerplant-coding-challenge-api.csproj", "{2EEF33A5-5286-438A-BAD8-E493A0554C1C}"
EndProject
Project("{9A19103F-16F7-4668-BE54-9A1E7A4F7556}") = "Domain", "Domain\Domain.csproj", "{34B733BE-4B12-4553-81B9-0486AB2E36B1}"
EndProject
Project("{9A19103F-16F7-4668-BE54-9A1E7A4F7556}") = "TestProject", "TestProject\TestProject.csproj", "{A263BD54-2B0C-439F-897C-BFAC9AC1E343}"
EndProject
Project("{FAE04EC0-301F-11D3-BF4B-00C04F79EFBC}") = "BusinessLayer", "BusinessLayer\BusinessLayer.csproj", "{B2BA3533-6773-4278-8FE8-64DE9B1F9AF1}"
EndProject
Global
	GlobalSection(SolutionConfigurationPlatforms) = preSolution
		Debug|Any CPU = Debug|Any CPU
		Release|Any CPU = Release|Any CPU
	EndGlobalSection
	GlobalSection(ProjectConfigurationPlatforms) = postSolution
		{2EEF33A5-5286-438A-BAD8-E493A0554C1C}.Debug|Any CPU.ActiveCfg = Debug|Any CPU
		{2EEF33A5-5286-438A-BAD8-E493A0554C1C}.Debug|Any CPU.Build.0 = Debug|Any CPU
		{2EEF33A5-5286-438A-BAD8-E493A0554C1C}.Release|Any CPU.ActiveCfg = Release|Any CPU
		{2EEF33A5-5286-438A-BAD8-E493A0554C1C}.Release|Any CPU.Build.0 = Release|Any CPU
		{34B733BE-4B12-4553-81B9-0486AB2E36B1}.Debug|Any CPU.ActiveCfg = Debug|Any CPU
		{34B733BE-4B12-4553-81B9-0486AB2E36B1}.Debug|Any CPU.Build.0 = Debug|Any CPU
		{34B733BE-4B12-4553-81B9-0486AB2E36B1}.Release|Any CPU.ActiveCfg = Release|Any CPU
		{34B733BE-4B12-4553-81B9-0486AB2E36B1}.Release|Any CPU.Build.0 = Release|Any CPU
		{A263BD54-2B0C-439F-897C-BFAC9AC1E343}.Debug|Any CPU.ActiveCfg = Debug|Any CPU
		{A263BD54-2B0C-439F-897C-BFAC9AC1E343}.Debug|Any CPU.Build.0 = Debug|Any CPU
		{A263BD54-2B0C-439F-897C-BFAC9AC1E343}.Release|Any CPU.ActiveCfg = Release|Any CPU
		{A263BD54-2B0C-439F-897C-BFAC9AC1E343}.Release|Any CPU.Build.0 = Release|Any CPU
		{B2BA3533-6773-4278-8FE8-64DE9B1F9AF1}.Debug|Any CPU.ActiveCfg = Debug|Any CPU
		{B2BA3533-6773-4278-8FE8-64DE9B1F9AF1}.Debug|Any CPU.Build.0 = Debug|Any CPU
		{B2BA3533-6773-4278-8FE8-64DE9B1F9AF1}.Release|Any CPU.ActiveCfg = Release|Any CPU
		{B2BA3533-6773-4278-8FE8-64DE9B1F9AF1}.Release|Any CPU.Build.0 = Release|Any CPU
	EndGlobalSection
	GlobalSection(SolutionProperties) = preSolution
		HideSolutionNode = FALSE
	EndGlobalSection
	GlobalSection(ExtensibilityGlobals) = postSolution
		SolutionGuid = {54901860-01F6-4D7C-82E4-28119E3DA910}
	EndGlobalSection
EndGlobal
